{
  "name": "tin-can-json-schema-validator",
  "version": "0.3.2",
  "lockfileVersion": 1,
  "requires": true,
  "dependencies": {
    "async": {
      "version": "0.9.2",
      "resolved": "https://registry.npmjs.org/async/-/async-0.9.2.tgz",
      "integrity": "sha512-l6ToIJIotphWahxxHyzK9bnLR6kM4jJIIgLShZeqLY7iboHoGkdgFl7W2/Ivi4SkMJYGKqW8vSuk0uKUj6qsSw=="
    },
    "node-getopt": {
      "version": "0.2.4",
      "resolved": "https://registry.npmjs.org/node-getopt/-/node-getopt-0.2.4.tgz",
      "integrity": "sha512-06LC4wHO+nyH0J07dUzFsZTVZMsMMKTkXo8BUTmuYbJhbsKX2cVDn2xADoFqjbnBYThVlGSlaM10CDyEi+48Iw=="
    },
    "string": {
      "version": "1.9.1",
      "resolved": "https://registry.npmjs.org/string/-/string-1.9.1.tgz",
      "integrity": "sha1-iq4c9WPep2dTjdej8NsiOYacYZ4="
    },
    "tin-can-json-schema": {
      "version": "1.0.0",
      "resolved": "https://registry.npmjs.org/tin-can-json-schema/-/tin-can-json-schema-1.0.0.tgz",
      "integrity": "sha1-knsZ/WNWya6zmBVM8P4Wyoj+OAY="
    },
    "tv4": {
      "version": "1.0.18",
      "resolved": "https://registry.npmjs.org/tv4/-/tv4-1.0.18.tgz",
      "integrity": "sha1-c5d2nwA1jjO/Uo3FyHZMYbbegkU="
    }
  }
}
